
Microsoft Visual Studio Solution File, Format Version 12.00
# Visual Studio Version 17
VisualStudioVersion = 17.2.32526.322
MinimumVisualStudioVersion = 10.0.40219.1
Project("{9A19103F-16F7-4668-BE54-9A1E7A4F7556}") = "CompleteAddressBook", "CompleteAddressBook\CompleteAddressBook.csproj", "{7C4774E4-9D1A-4E60-86F4-06455577B265}"
EndProject
Project("{FAE04EC0-301F-11D3-BF4B-00C04F79EFBC}") = "AddressBookTest", "AddressBookTest\AddressBookTest.csproj", "{DD1A7017-4783-478B-A9A4-B7A236CBF843}"
EndProject
Global
	GlobalSection(SolutionConfigurationPlatforms) = preSolution
		Debug|Any CPU = Debug|Any CPU
		Release|Any CPU = Release|Any CPU
	EndGlobalSection
	GlobalSection(ProjectConfigurationPlatforms) = postSolution
		{7C4774E4-9D1A-4E60-86F4-06455577B265}.Debug|Any CPU.ActiveCfg = Debug|Any CPU
		{7C4774E4-9D1A-4E60-86F4-06455577B265}.Debug|Any CPU.Build.0 = Debug|Any CPU
		{7C4774E4-9D1A-4E60-86F4-06455577B265}.Release|Any CPU.ActiveCfg = Release|Any CPU
		{7C4774E4-9D1A-4E60-86F4-06455577B265}.Release|Any CPU.Build.0 = Release|Any CPU
		{DD1A7017-4783-478B-A9A4-B7A236CBF843}.Debug|Any CPU.ActiveCfg = Debug|Any CPU
		{DD1A7017-4783-478B-A9A4-B7A236CBF843}.Debug|Any CPU.Build.0 = Debug|Any CPU
		{DD1A7017-4783-478B-A9A4-B7A236CBF843}.Release|Any CPU.ActiveCfg = Release|Any CPU
		{DD1A7017-4783-478B-A9A4-B7A236CBF843}.Release|Any CPU.Build.0 = Release|Any CPU
	EndGlobalSection
	GlobalSection(SolutionProperties) = preSolution
		HideSolutionNode = FALSE
	EndGlobalSection
	GlobalSection(ExtensibilityGlobals) = postSolution
		SolutionGuid = {7E93AC44-42A7-4D23-9648-1DB1EEC3F0AD}
	EndGlobalSection
EndGlobal
